
Microsoft Visual Studio Solution File, Format Version 12.00
# Visual Studio Version 17
VisualStudioVersion = 17.9.34723.18
MinimumVisualStudioVersion = 10.0.40219.1
Project("{FAE04EC0-301F-11D3-BF4B-00C04F79EFBC}") = "ExpressionBodiedMethods", "ExpressionBodiedMethods\ExpressionBodiedMethods.csproj", "{76013927-BA9B-4B91-BCE1-48A900CC7DA8}"
EndProject
Global
	GlobalSection(SolutionConfigurationPlatforms) = preSolution
		Debug|Any CPU = Debug|Any CPU
		Release|Any CPU = Release|Any CPU
	EndGlobalSection
	GlobalSection(ProjectConfigurationPlatforms) = postSolution
		{76013927-BA9B-4B91-BCE1-48A900CC7DA8}.Debug|Any CPU.ActiveCfg = Debug|Any CPU
		{76013927-BA9B-4B91-BCE1-48A900CC7DA8}.Debug|Any CPU.Build.0 = Debug|Any CPU
		{76013927-BA9B-4B91-BCE1-48A900CC7DA8}.Release|Any CPU.ActiveCfg = Release|Any CPU
		{76013927-BA9B-4B91-BCE1-48A900CC7DA8}.Release|Any CPU.Build.0 = Release|Any CPU
	EndGlobalSection
	GlobalSection(SolutionProperties) = preSolution
		HideSolutionNode = FALSE
	EndGlobalSection
	GlobalSection(ExtensibilityGlobals) = postSolution
		SolutionGuid = {55BB1374-DA4D-4938-9CB2-12C332A9DF02}
	EndGlobalSection
EndGlobal
