
Microsoft Visual Studio Solution File, Format Version 12.00
# Visual Studio Version 17
VisualStudioVersion = 17.9.34723.18
MinimumVisualStudioVersion = 10.0.40219.1
Project("{FAE04EC0-301F-11D3-BF4B-00C04F79EFBC}") = "Solution", "Solution\Solution.csproj", "{73AA31AC-E1CA-4515-8932-A589B3C68C47}"
EndProject
Global
	GlobalSection(SolutionConfigurationPlatforms) = preSolution
		Debug|Any CPU = Debug|Any CPU
		Release|Any CPU = Release|Any CPU
	EndGlobalSection
	GlobalSection(ProjectConfigurationPlatforms) = postSolution
		{73AA31AC-E1CA-4515-8932-A589B3C68C47}.Debug|Any CPU.ActiveCfg = Debug|Any CPU
		{73AA31AC-E1CA-4515-8932-A589B3C68C47}.Debug|Any CPU.Build.0 = Debug|Any CPU
		{73AA31AC-E1CA-4515-8932-A589B3C68C47}.Release|Any CPU.ActiveCfg = Release|Any CPU
		{73AA31AC-E1CA-4515-8932-A589B3C68C47}.Release|Any CPU.Build.0 = Release|Any CPU
	EndGlobalSection
	GlobalSection(SolutionProperties) = preSolution
		HideSolutionNode = FALSE
	EndGlobalSection
	GlobalSection(ExtensibilityGlobals) = postSolution
		SolutionGuid = {F2800BA6-B73A-42F2-86A7-BC0AC7F55C67}
	EndGlobalSection
EndGlobal
