
Microsoft Visual Studio Solution File, Format Version 12.00
# Visual Studio Version 17
VisualStudioVersion = 17.9.34723.18
MinimumVisualStudioVersion = 10.0.40219.1
Project("{FAE04EC0-301F-11D3-BF4B-00C04F79EFBC}") = "ExceptionsWhenToUseCustomTypes", "ExceptionsWhenToUseCustomTypes\ExceptionsWhenToUseCustomTypes.csproj", "{62919B9B-FAD6-43BE-8554-AF5A4F97AFED}"
EndProject
Global
	GlobalSection(SolutionConfigurationPlatforms) = preSolution
		Debug|Any CPU = Debug|Any CPU
		Release|Any CPU = Release|Any CPU
	EndGlobalSection
	GlobalSection(ProjectConfigurationPlatforms) = postSolution
		{62919B9B-FAD6-43BE-8554-AF5A4F97AFED}.Debug|Any CPU.ActiveCfg = Debug|Any CPU
		{62919B9B-FAD6-43BE-8554-AF5A4F97AFED}.Debug|Any CPU.Build.0 = Debug|Any CPU
		{62919B9B-FAD6-43BE-8554-AF5A4F97AFED}.Release|Any CPU.ActiveCfg = Release|Any CPU
		{62919B9B-FAD6-43BE-8554-AF5A4F97AFED}.Release|Any CPU.Build.0 = Release|Any CPU
	EndGlobalSection
	GlobalSection(SolutionProperties) = preSolution
		HideSolutionNode = FALSE
	EndGlobalSection
	GlobalSection(ExtensibilityGlobals) = postSolution
		SolutionGuid = {98A268F4-4E34-484B-AC1C-D5DEE506AF91}
	EndGlobalSection
EndGlobal
