
Microsoft Visual Studio Solution File, Format Version 12.00
# Visual Studio Version 17
VisualStudioVersion = 17.9.34723.18
MinimumVisualStudioVersion = 10.0.40219.1
Project("{9A19103F-16F7-4668-BE54-9A1E7A4F7556}") = "Loops", "Loops\Loops.csproj", "{098C04C9-7EF0-49B4-9EB9-4E93A8F26E69}"
EndProject
Project("{FAE04EC0-301F-11D3-BF4B-00C04F79EFBC}") = "While", "While\While.csproj", "{0D6EA477-A30C-4177-9440-83948E61868D}"
EndProject
Global
	GlobalSection(SolutionConfigurationPlatforms) = preSolution
		Debug|Any CPU = Debug|Any CPU
		Release|Any CPU = Release|Any CPU
	EndGlobalSection
	GlobalSection(ProjectConfigurationPlatforms) = postSolution
		{098C04C9-7EF0-49B4-9EB9-4E93A8F26E69}.Debug|Any CPU.ActiveCfg = Debug|Any CPU
		{098C04C9-7EF0-49B4-9EB9-4E93A8F26E69}.Debug|Any CPU.Build.0 = Debug|Any CPU
		{098C04C9-7EF0-49B4-9EB9-4E93A8F26E69}.Release|Any CPU.ActiveCfg = Release|Any CPU
		{098C04C9-7EF0-49B4-9EB9-4E93A8F26E69}.Release|Any CPU.Build.0 = Release|Any CPU
		{0D6EA477-A30C-4177-9440-83948E61868D}.Debug|Any CPU.ActiveCfg = Debug|Any CPU
		{0D6EA477-A30C-4177-9440-83948E61868D}.Debug|Any CPU.Build.0 = Debug|Any CPU
		{0D6EA477-A30C-4177-9440-83948E61868D}.Release|Any CPU.ActiveCfg = Release|Any CPU
		{0D6EA477-A30C-4177-9440-83948E61868D}.Release|Any CPU.Build.0 = Release|Any CPU
	EndGlobalSection
	GlobalSection(SolutionProperties) = preSolution
		HideSolutionNode = FALSE
	EndGlobalSection
	GlobalSection(ExtensibilityGlobals) = postSolution
		SolutionGuid = {58F5495D-6DCE-4D3F-A5A8-6C62298FA715}
	EndGlobalSection
EndGlobal
