
Microsoft Visual Studio Solution File, Format Version 12.00
# Visual Studio Version 17
VisualStudioVersion = 17.9.34723.18
MinimumVisualStudioVersion = 10.0.40219.1
Project("{FAE04EC0-301F-11D3-BF4B-00C04F79EFBC}") = "Exercise36", "Exercise36\Exercise36.csproj", "{9795F768-1C27-4619-921F-A106DA67E4CD}"
EndProject
Global
	GlobalSection(SolutionConfigurationPlatforms) = preSolution
		Debug|Any CPU = Debug|Any CPU
		Release|Any CPU = Release|Any CPU
	EndGlobalSection
	GlobalSection(ProjectConfigurationPlatforms) = postSolution
		{9795F768-1C27-4619-921F-A106DA67E4CD}.Debug|Any CPU.ActiveCfg = Debug|Any CPU
		{9795F768-1C27-4619-921F-A106DA67E4CD}.Debug|Any CPU.Build.0 = Debug|Any CPU
		{9795F768-1C27-4619-921F-A106DA67E4CD}.Release|Any CPU.ActiveCfg = Release|Any CPU
		{9795F768-1C27-4619-921F-A106DA67E4CD}.Release|Any CPU.Build.0 = Release|Any CPU
	EndGlobalSection
	GlobalSection(SolutionProperties) = preSolution
		HideSolutionNode = FALSE
	EndGlobalSection
	GlobalSection(ExtensibilityGlobals) = postSolution
		SolutionGuid = {0F55AB71-9A32-4A8E-8EBA-FD5DADCEB054}
	EndGlobalSection
EndGlobal
