
Microsoft Visual Studio Solution File, Format Version 12.00
# Visual Studio Version 17
VisualStudioVersion = 17.9.34723.18
MinimumVisualStudioVersion = 10.0.40219.1
Project("{FAE04EC0-301F-11D3-BF4B-00C04F79EFBC}") = "FilesNamespacesDirectivesAndFileScopedNamespaceDeclarations", "FilesNamespacesDirectivesAndFileScopedNamespaceDeclarations\FilesNamespacesDirectivesAndFileScopedNamespaceDeclarations.csproj", "{A34B54BE-C252-45B5-A6B2-D9F5C7F4E639}"
EndProject
Global
	GlobalSection(SolutionConfigurationPlatforms) = preSolution
		Debug|Any CPU = Debug|Any CPU
		Release|Any CPU = Release|Any CPU
	EndGlobalSection
	GlobalSection(ProjectConfigurationPlatforms) = postSolution
		{A34B54BE-C252-45B5-A6B2-D9F5C7F4E639}.Debug|Any CPU.ActiveCfg = Debug|Any CPU
		{A34B54BE-C252-45B5-A6B2-D9F5C7F4E639}.Debug|Any CPU.Build.0 = Debug|Any CPU
		{A34B54BE-C252-45B5-A6B2-D9F5C7F4E639}.Release|Any CPU.ActiveCfg = Release|Any CPU
		{A34B54BE-C252-45B5-A6B2-D9F5C7F4E639}.Release|Any CPU.Build.0 = Release|Any CPU
	EndGlobalSection
	GlobalSection(SolutionProperties) = preSolution
		HideSolutionNode = FALSE
	EndGlobalSection
	GlobalSection(ExtensibilityGlobals) = postSolution
		SolutionGuid = {BEA78FE8-101E-4AC1-9173-A5766C8E330D}
	EndGlobalSection
EndGlobal
