
Microsoft Visual Studio Solution File, Format Version 12.00
# Visual Studio Version 17
VisualStudioVersion = 17.9.34723.18
MinimumVisualStudioVersion = 10.0.40219.1
Project("{FAE04EC0-301F-11D3-BF4B-00C04F79EFBC}") = "ReferenceVsValue", "ReferenceVsValue\ReferenceVsValue.csproj", "{9B764BFD-43AE-4F39-BCD5-5180102036DB}"
EndProject
Global
	GlobalSection(SolutionConfigurationPlatforms) = preSolution
		Debug|Any CPU = Debug|Any CPU
		Release|Any CPU = Release|Any CPU
	EndGlobalSection
	GlobalSection(ProjectConfigurationPlatforms) = postSolution
		{9B764BFD-43AE-4F39-BCD5-5180102036DB}.Debug|Any CPU.ActiveCfg = Debug|Any CPU
		{9B764BFD-43AE-4F39-BCD5-5180102036DB}.Debug|Any CPU.Build.0 = Debug|Any CPU
		{9B764BFD-43AE-4F39-BCD5-5180102036DB}.Release|Any CPU.ActiveCfg = Release|Any CPU
		{9B764BFD-43AE-4F39-BCD5-5180102036DB}.Release|Any CPU.Build.0 = Release|Any CPU
	EndGlobalSection
	GlobalSection(SolutionProperties) = preSolution
		HideSolutionNode = FALSE
	EndGlobalSection
	GlobalSection(ExtensibilityGlobals) = postSolution
		SolutionGuid = {2215AD87-B008-450C-B832-97A928FC6BEA}
	EndGlobalSection
EndGlobal
