
Microsoft Visual Studio Solution File, Format Version 12.00
# Visual Studio Version 17
VisualStudioVersion = 17.9.34723.18
MinimumVisualStudioVersion = 10.0.40219.1
Project("{FAE04EC0-301F-11D3-BF4B-00C04F79EFBC}") = "Exercise9", "Exercise9\Exercise9.csproj", "{B1B283FC-4E1A-40CB-B04C-68F1787EC60D}"
EndProject
Global
	GlobalSection(SolutionConfigurationPlatforms) = preSolution
		Debug|Any CPU = Debug|Any CPU
		Release|Any CPU = Release|Any CPU
	EndGlobalSection
	GlobalSection(ProjectConfigurationPlatforms) = postSolution
		{B1B283FC-4E1A-40CB-B04C-68F1787EC60D}.Debug|Any CPU.ActiveCfg = Debug|Any CPU
		{B1B283FC-4E1A-40CB-B04C-68F1787EC60D}.Debug|Any CPU.Build.0 = Debug|Any CPU
		{B1B283FC-4E1A-40CB-B04C-68F1787EC60D}.Release|Any CPU.ActiveCfg = Release|Any CPU
		{B1B283FC-4E1A-40CB-B04C-68F1787EC60D}.Release|Any CPU.Build.0 = Release|Any CPU
	EndGlobalSection
	GlobalSection(SolutionProperties) = preSolution
		HideSolutionNode = FALSE
	EndGlobalSection
	GlobalSection(ExtensibilityGlobals) = postSolution
		SolutionGuid = {0951F2E1-B397-4F83-AB21-3A0831858EAF}
	EndGlobalSection
EndGlobal
