
Microsoft Visual Studio Solution File, Format Version 12.00
# Visual Studio Version 17
VisualStudioVersion = 17.9.34723.18
MinimumVisualStudioVersion = 10.0.40219.1
Project("{FAE04EC0-301F-11D3-BF4B-00C04F79EFBC}") = "Exercise11", "Exercise11\Exercise11.csproj", "{0316E2A2-953B-4E2C-81C8-8D5BDD8D032D}"
EndProject
Global
	GlobalSection(SolutionConfigurationPlatforms) = preSolution
		Debug|Any CPU = Debug|Any CPU
		Release|Any CPU = Release|Any CPU
	EndGlobalSection
	GlobalSection(ProjectConfigurationPlatforms) = postSolution
		{0316E2A2-953B-4E2C-81C8-8D5BDD8D032D}.Debug|Any CPU.ActiveCfg = Debug|Any CPU
		{0316E2A2-953B-4E2C-81C8-8D5BDD8D032D}.Debug|Any CPU.Build.0 = Debug|Any CPU
		{0316E2A2-953B-4E2C-81C8-8D5BDD8D032D}.Release|Any CPU.ActiveCfg = Release|Any CPU
		{0316E2A2-953B-4E2C-81C8-8D5BDD8D032D}.Release|Any CPU.Build.0 = Release|Any CPU
	EndGlobalSection
	GlobalSection(SolutionProperties) = preSolution
		HideSolutionNode = FALSE
	EndGlobalSection
	GlobalSection(ExtensibilityGlobals) = postSolution
		SolutionGuid = {A55C5D9C-9345-46B3-B4A7-A5711D75B9A6}
	EndGlobalSection
EndGlobal
