
Microsoft Visual Studio Solution File, Format Version 12.00
# Visual Studio Version 17
VisualStudioVersion = 17.9.34723.18
MinimumVisualStudioVersion = 10.0.40219.1
Project("{FAE04EC0-301F-11D3-BF4B-00C04F79EFBC}") = "LINQ", "LINQ\LINQ.csproj", "{99E405A2-BE16-4071-A437-A949EB64AB1C}"
EndProject
Global
	GlobalSection(SolutionConfigurationPlatforms) = preSolution
		Debug|Any CPU = Debug|Any CPU
		Release|Any CPU = Release|Any CPU
	EndGlobalSection
	GlobalSection(ProjectConfigurationPlatforms) = postSolution
		{99E405A2-BE16-4071-A437-A949EB64AB1C}.Debug|Any CPU.ActiveCfg = Debug|Any CPU
		{99E405A2-BE16-4071-A437-A949EB64AB1C}.Debug|Any CPU.Build.0 = Debug|Any CPU
		{99E405A2-BE16-4071-A437-A949EB64AB1C}.Release|Any CPU.ActiveCfg = Release|Any CPU
		{99E405A2-BE16-4071-A437-A949EB64AB1C}.Release|Any CPU.Build.0 = Release|Any CPU
	EndGlobalSection
	GlobalSection(SolutionProperties) = preSolution
		HideSolutionNode = FALSE
	EndGlobalSection
	GlobalSection(ExtensibilityGlobals) = postSolution
		SolutionGuid = {BD521B50-C515-443F-BB53-5FFB2413B5BF}
	EndGlobalSection
EndGlobal
